
Microsoft Visual Studio Solution File, Format Version 12.00
# Visual Studio 15
VisualStudioVersion = 15.0.28307.757
MinimumVisualStudioVersion = 10.0.40219.1
Project("{FAE04EC0-301F-11D3-BF4B-00C04F79EFBC}") = "AYTO.UpdateFile", "AYTO.UpdateFile\AYTO.UpdateFile.csproj", "{1B9A821A-310A-45BC-A9EF-0F27B5C6B2F1}"
EndProject
Global
	GlobalSection(SolutionConfigurationPlatforms) = preSolution
		Debug|Any CPU = Debug|Any CPU
		Release|Any CPU = Release|Any CPU
	EndGlobalSection
	GlobalSection(ProjectConfigurationPlatforms) = postSolution
		{1B9A821A-310A-45BC-A9EF-0F27B5C6B2F1}.Debug|Any CPU.ActiveCfg = Debug|Any CPU
		{1B9A821A-310A-45BC-A9EF-0F27B5C6B2F1}.Debug|Any CPU.Build.0 = Debug|Any CPU
		{1B9A821A-310A-45BC-A9EF-0F27B5C6B2F1}.Release|Any CPU.ActiveCfg = Release|Any CPU
		{1B9A821A-310A-45BC-A9EF-0F27B5C6B2F1}.Release|Any CPU.Build.0 = Release|Any CPU
	EndGlobalSection
	GlobalSection(SolutionProperties) = preSolution
		HideSolutionNode = FALSE
	EndGlobalSection
	GlobalSection(ExtensibilityGlobals) = postSolution
		SolutionGuid = {0B378C4F-6B60-4C90-874F-F6B1CC10E48A}
	EndGlobalSection
EndGlobal
