
Microsoft Visual Studio Solution File, Format Version 12.00
# Visual Studio 15
VisualStudioVersion = 15.0.28307.757
MinimumVisualStudioVersion = 10.0.40219.1
Project("{FAE04EC0-301F-11D3-BF4B-00C04F79EFBC}") = "AYTO.NewFile", "AYTO.NewFile\AYTO.NewFile.csproj", "{339C3E83-DA86-4591-BB6D-DC60AB4929C9}"
EndProject
Global
	GlobalSection(SolutionConfigurationPlatforms) = preSolution
		Debug|Any CPU = Debug|Any CPU
		Release|Any CPU = Release|Any CPU
	EndGlobalSection
	GlobalSection(ProjectConfigurationPlatforms) = postSolution
		{339C3E83-DA86-4591-BB6D-DC60AB4929C9}.Debug|Any CPU.ActiveCfg = Debug|Any CPU
		{339C3E83-DA86-4591-BB6D-DC60AB4929C9}.Debug|Any CPU.Build.0 = Debug|Any CPU
		{339C3E83-DA86-4591-BB6D-DC60AB4929C9}.Release|Any CPU.ActiveCfg = Release|Any CPU
		{339C3E83-DA86-4591-BB6D-DC60AB4929C9}.Release|Any CPU.Build.0 = Release|Any CPU
	EndGlobalSection
	GlobalSection(SolutionProperties) = preSolution
		HideSolutionNode = FALSE
	EndGlobalSection
	GlobalSection(ExtensibilityGlobals) = postSolution
		SolutionGuid = {F580450C-08B5-414F-9102-BC6FD43D7112}
	EndGlobalSection
EndGlobal
