
Microsoft Visual Studio Solution File, Format Version 12.00
# Visual Studio 15
VisualStudioVersion = 15.0.28307.757
MinimumVisualStudioVersion = 10.0.40219.1
Project("{FAE04EC0-301F-11D3-BF4B-00C04F79EFBC}") = "AYTO.SendFile", "AYTO.SendFile\AYTO.SendFile.csproj", "{C92AC45E-7F0B-4F46-954F-85ED48D5AD2B}"
EndProject
Global
	GlobalSection(SolutionConfigurationPlatforms) = preSolution
		Debug|Any CPU = Debug|Any CPU
		Release|Any CPU = Release|Any CPU
	EndGlobalSection
	GlobalSection(ProjectConfigurationPlatforms) = postSolution
		{C92AC45E-7F0B-4F46-954F-85ED48D5AD2B}.Debug|Any CPU.ActiveCfg = Debug|Any CPU
		{C92AC45E-7F0B-4F46-954F-85ED48D5AD2B}.Debug|Any CPU.Build.0 = Debug|Any CPU
		{C92AC45E-7F0B-4F46-954F-85ED48D5AD2B}.Release|Any CPU.ActiveCfg = Release|Any CPU
		{C92AC45E-7F0B-4F46-954F-85ED48D5AD2B}.Release|Any CPU.Build.0 = Release|Any CPU
	EndGlobalSection
	GlobalSection(SolutionProperties) = preSolution
		HideSolutionNode = FALSE
	EndGlobalSection
	GlobalSection(ExtensibilityGlobals) = postSolution
		SolutionGuid = {176F42EC-C1CF-40FF-B7A1-C7396EB2E225}
	EndGlobalSection
EndGlobal
